
Microsoft Visual Studio Solution File, Format Version 12.00
# Visual Studio 2012
Project("{FAE04EC0-301F-11D3-BF4B-00C04F79EFBC}") = "AymanMVCProject", "AymanMVCProject\AymanMVCProject.csproj", "{4E1BA9A8-9668-42AE-A84E-D2550BB747BD}"
EndProject
Project("{FAE04EC0-301F-11D3-BF4B-00C04F79EFBC}") = "DataCoin", "DataCoin\DataCoin.csproj", "{40F22F47-20ED-4B2A-B5BF-C0F4B0175D08}"
EndProject
Global
	GlobalSection(SolutionConfigurationPlatforms) = preSolution
		Debug|Any CPU = Debug|Any CPU
		Release|Any CPU = Release|Any CPU
	EndGlobalSection
	GlobalSection(ProjectConfigurationPlatforms) = postSolution
		{4E1BA9A8-9668-42AE-A84E-D2550BB747BD}.Debug|Any CPU.ActiveCfg = Debug|Any CPU
		{4E1BA9A8-9668-42AE-A84E-D2550BB747BD}.Debug|Any CPU.Build.0 = Debug|Any CPU
		{4E1BA9A8-9668-42AE-A84E-D2550BB747BD}.Release|Any CPU.ActiveCfg = Release|Any CPU
		{4E1BA9A8-9668-42AE-A84E-D2550BB747BD}.Release|Any CPU.Build.0 = Release|Any CPU
		{40F22F47-20ED-4B2A-B5BF-C0F4B0175D08}.Debug|Any CPU.ActiveCfg = Debug|Any CPU
		{40F22F47-20ED-4B2A-B5BF-C0F4B0175D08}.Debug|Any CPU.Build.0 = Debug|Any CPU
		{40F22F47-20ED-4B2A-B5BF-C0F4B0175D08}.Release|Any CPU.ActiveCfg = Release|Any CPU
		{40F22F47-20ED-4B2A-B5BF-C0F4B0175D08}.Release|Any CPU.Build.0 = Release|Any CPU
	EndGlobalSection
EndGlobal
